
Microsoft Visual Studio Solution File, Format Version 12.00
# Visual Studio Version 16
VisualStudioVersion = 16.0.30413.136
MinimumVisualStudioVersion = 10.0.40219.1
Project("{FAE04EC0-301F-11D3-BF4B-00C04F79EFBC}") = "Week7Converters", "Week7Converters\Week7Converters.csproj", "{BB18B518-55FF-4B7E-BF93-4806DAFF4E78}"
EndProject
Project("{FAE04EC0-301F-11D3-BF4B-00C04F79EFBC}") = "Converter2", "Converter2\Converter2.csproj", "{FF510459-9A4B-46B7-8B58-8BBCCF51D001}"
EndProject
Project("{FAE04EC0-301F-11D3-BF4B-00C04F79EFBC}") = "Celcius", "Celcius\Celcius.csproj", "{D9AF95D5-8DF8-4030-976E-6F7704FC1BA7}"
EndProject
Global
	GlobalSection(SolutionConfigurationPlatforms) = preSolution
		Debug|Any CPU = Debug|Any CPU
		Release|Any CPU = Release|Any CPU
	EndGlobalSection
	GlobalSection(ProjectConfigurationPlatforms) = postSolution
		{BB18B518-55FF-4B7E-BF93-4806DAFF4E78}.Debug|Any CPU.ActiveCfg = Debug|Any CPU
		{BB18B518-55FF-4B7E-BF93-4806DAFF4E78}.Debug|Any CPU.Build.0 = Debug|Any CPU
		{BB18B518-55FF-4B7E-BF93-4806DAFF4E78}.Release|Any CPU.ActiveCfg = Release|Any CPU
		{BB18B518-55FF-4B7E-BF93-4806DAFF4E78}.Release|Any CPU.Build.0 = Release|Any CPU
		{FF510459-9A4B-46B7-8B58-8BBCCF51D001}.Debug|Any CPU.ActiveCfg = Debug|Any CPU
		{FF510459-9A4B-46B7-8B58-8BBCCF51D001}.Debug|Any CPU.Build.0 = Debug|Any CPU
		{FF510459-9A4B-46B7-8B58-8BBCCF51D001}.Release|Any CPU.ActiveCfg = Release|Any CPU
		{FF510459-9A4B-46B7-8B58-8BBCCF51D001}.Release|Any CPU.Build.0 = Release|Any CPU
		{D9AF95D5-8DF8-4030-976E-6F7704FC1BA7}.Debug|Any CPU.ActiveCfg = Debug|Any CPU
		{D9AF95D5-8DF8-4030-976E-6F7704FC1BA7}.Debug|Any CPU.Build.0 = Debug|Any CPU
		{D9AF95D5-8DF8-4030-976E-6F7704FC1BA7}.Release|Any CPU.ActiveCfg = Release|Any CPU
		{D9AF95D5-8DF8-4030-976E-6F7704FC1BA7}.Release|Any CPU.Build.0 = Release|Any CPU
	EndGlobalSection
	GlobalSection(SolutionProperties) = preSolution
		HideSolutionNode = FALSE
	EndGlobalSection
	GlobalSection(ExtensibilityGlobals) = postSolution
		SolutionGuid = {2317A865-55E8-4A12-88DE-6CFC8BF105C0}
	EndGlobalSection
EndGlobal
